
Microsoft Visual Studio Solution File, Format Version 12.00
# Visual Studio Version 16
VisualStudioVersion = 16.0.29411.138
MinimumVisualStudioVersion = 10.0.40219.1
Project("{9A19103F-16F7-4668-BE54-9A1E7A4F7556}") = "SentimentAnalysisDesktop", "SentimentAnalysisDesktop\SentimentAnalysisDesktop.csproj", "{D20DA1EF-C213-4F72-8C73-3701D4E85AE0}"
EndProject
Project("{9A19103F-16F7-4668-BE54-9A1E7A4F7556}") = "SentimentAnalysisDesktopML.Model", "SentimentAnalysisDesktopML.Model\SentimentAnalysisDesktopML.Model.csproj", "{A27E6919-A299-4E89-B7DA-E3B15530C44E}"
EndProject
Global
	GlobalSection(SolutionConfigurationPlatforms) = preSolution
		Debug|Any CPU = Debug|Any CPU
		Release|Any CPU = Release|Any CPU
	EndGlobalSection
	GlobalSection(ProjectConfigurationPlatforms) = postSolution
		{D20DA1EF-C213-4F72-8C73-3701D4E85AE0}.Debug|Any CPU.ActiveCfg = Debug|Any CPU
		{D20DA1EF-C213-4F72-8C73-3701D4E85AE0}.Debug|Any CPU.Build.0 = Debug|Any CPU
		{D20DA1EF-C213-4F72-8C73-3701D4E85AE0}.Release|Any CPU.ActiveCfg = Release|Any CPU
		{D20DA1EF-C213-4F72-8C73-3701D4E85AE0}.Release|Any CPU.Build.0 = Release|Any CPU
		{A27E6919-A299-4E89-B7DA-E3B15530C44E}.Debug|Any CPU.ActiveCfg = Debug|Any CPU
		{A27E6919-A299-4E89-B7DA-E3B15530C44E}.Debug|Any CPU.Build.0 = Debug|Any CPU
		{A27E6919-A299-4E89-B7DA-E3B15530C44E}.Release|Any CPU.ActiveCfg = Release|Any CPU
		{A27E6919-A299-4E89-B7DA-E3B15530C44E}.Release|Any CPU.Build.0 = Release|Any CPU
	EndGlobalSection
	GlobalSection(SolutionProperties) = preSolution
		HideSolutionNode = FALSE
	EndGlobalSection
	GlobalSection(ExtensibilityGlobals) = postSolution
		SolutionGuid = {0348BDFB-5976-4C73-B35F-757E06FF0D4C}
	EndGlobalSection
EndGlobal
